{
  "name": "blog",
  "lockfileVersion": 3,
  "requires": true,
  "packages": {
    "": {
      "devDependencies": {
        "treeview-cli": "^2.1.3"
      }
    },
    "node_modules/treeview-cli": {
      "version": "2.1.3",
      "resolved": "https://registry.npmjs.org/treeview-cli/-/treeview-cli-2.1.3.tgz",
      "integrity": "sha512-xk1aeOvTu0hKHjgXh2wAIM22B1Zu6jpa0rA7LgwLxIMIxJ4lu4c/f8xvmwErSzqxQU3tmqMOgjYPErFbWgpe+w==",
      "dev": true,
      "license": "MIT",
      "bin": {
        "treeview": "bin/index.js"
      }
    }
  }
}
